
Microsoft Visual Studio Solution File, Format Version 12.00
# Visual Studio 15
Project("{FAE04EC0-301F-11D3-BF4B-00C04F79EFBC}") = "HotReloadCodeBehind.Android", "HotReloadCodeBehind.Android\HotReloadCodeBehind.Android.csproj", "{FEB77E6D-9057-4FED-BFD1-AD30636D11F6}"
EndProject
Project("{FAE04EC0-301F-11D3-BF4B-00C04F79EFBC}") = "HotReloadCodeBehind.iOS", "HotReloadCodeBehind.iOS\HotReloadCodeBehind.iOS.csproj", "{01D7E765-5623-4699-8306-53A6636DF95F}"
EndProject
Project("{FAE04EC0-301F-11D3-BF4B-00C04F79EFBC}") = "HotReloadCodeBehind", "HotReloadCodeBehind\HotReloadCodeBehind.csproj", "{E9E31D50-2C1F-45E7-8F2B-43126431D80D}"
EndProject
Global
	GlobalSection(SolutionConfigurationPlatforms) = preSolution
		Debug|Any CPU = Debug|Any CPU
		Release|Any CPU = Release|Any CPU
		Debug|iPhoneSimulator = Debug|iPhoneSimulator
		Release|iPhoneSimulator = Release|iPhoneSimulator
		Debug|iPhone = Debug|iPhone
		Release|iPhone = Release|iPhone
	EndGlobalSection
	GlobalSection(ProjectConfigurationPlatforms) = postSolution
		{FEB77E6D-9057-4FED-BFD1-AD30636D11F6}.Debug|Any CPU.ActiveCfg = Debug|Any CPU
		{FEB77E6D-9057-4FED-BFD1-AD30636D11F6}.Debug|Any CPU.Build.0 = Debug|Any CPU
		{FEB77E6D-9057-4FED-BFD1-AD30636D11F6}.Release|Any CPU.ActiveCfg = Release|Any CPU
		{FEB77E6D-9057-4FED-BFD1-AD30636D11F6}.Release|Any CPU.Build.0 = Release|Any CPU
		{FEB77E6D-9057-4FED-BFD1-AD30636D11F6}.Debug|iPhoneSimulator.ActiveCfg = Debug|Any CPU
		{FEB77E6D-9057-4FED-BFD1-AD30636D11F6}.Debug|iPhoneSimulator.Build.0 = Debug|Any CPU
		{FEB77E6D-9057-4FED-BFD1-AD30636D11F6}.Release|iPhoneSimulator.ActiveCfg = Release|Any CPU
		{FEB77E6D-9057-4FED-BFD1-AD30636D11F6}.Release|iPhoneSimulator.Build.0 = Release|Any CPU
		{FEB77E6D-9057-4FED-BFD1-AD30636D11F6}.Debug|iPhone.ActiveCfg = Debug|Any CPU
		{FEB77E6D-9057-4FED-BFD1-AD30636D11F6}.Debug|iPhone.Build.0 = Debug|Any CPU
		{FEB77E6D-9057-4FED-BFD1-AD30636D11F6}.Release|iPhone.ActiveCfg = Release|Any CPU
		{FEB77E6D-9057-4FED-BFD1-AD30636D11F6}.Release|iPhone.Build.0 = Release|Any CPU
		{01D7E765-5623-4699-8306-53A6636DF95F}.Debug|Any CPU.ActiveCfg = Debug|iPhoneSimulator
		{01D7E765-5623-4699-8306-53A6636DF95F}.Debug|Any CPU.Build.0 = Debug|iPhoneSimulator
		{01D7E765-5623-4699-8306-53A6636DF95F}.Release|Any CPU.ActiveCfg = Release|iPhoneSimulator
		{01D7E765-5623-4699-8306-53A6636DF95F}.Release|Any CPU.Build.0 = Release|iPhoneSimulator
		{01D7E765-5623-4699-8306-53A6636DF95F}.Debug|iPhoneSimulator.ActiveCfg = Debug|iPhoneSimulator
		{01D7E765-5623-4699-8306-53A6636DF95F}.Debug|iPhoneSimulator.Build.0 = Debug|iPhoneSimulator
		{01D7E765-5623-4699-8306-53A6636DF95F}.Release|iPhoneSimulator.ActiveCfg = Release|iPhoneSimulator
		{01D7E765-5623-4699-8306-53A6636DF95F}.Release|iPhoneSimulator.Build.0 = Release|iPhoneSimulator
		{01D7E765-5623-4699-8306-53A6636DF95F}.Debug|iPhone.ActiveCfg = Debug|iPhone
		{01D7E765-5623-4699-8306-53A6636DF95F}.Debug|iPhone.Build.0 = Debug|iPhone
		{01D7E765-5623-4699-8306-53A6636DF95F}.Release|iPhone.ActiveCfg = Release|iPhone
		{01D7E765-5623-4699-8306-53A6636DF95F}.Release|iPhone.Build.0 = Release|iPhone
		{E9E31D50-2C1F-45E7-8F2B-43126431D80D}.Debug|Any CPU.ActiveCfg = Debug|Any CPU
		{E9E31D50-2C1F-45E7-8F2B-43126431D80D}.Debug|Any CPU.Build.0 = Debug|Any CPU
		{E9E31D50-2C1F-45E7-8F2B-43126431D80D}.Release|Any CPU.ActiveCfg = Release|Any CPU
		{E9E31D50-2C1F-45E7-8F2B-43126431D80D}.Release|Any CPU.Build.0 = Release|Any CPU
		{E9E31D50-2C1F-45E7-8F2B-43126431D80D}.Debug|iPhoneSimulator.ActiveCfg = Debug|Any CPU
		{E9E31D50-2C1F-45E7-8F2B-43126431D80D}.Debug|iPhoneSimulator.Build.0 = Debug|Any CPU
		{E9E31D50-2C1F-45E7-8F2B-43126431D80D}.Release|iPhoneSimulator.ActiveCfg = Release|Any CPU
		{E9E31D50-2C1F-45E7-8F2B-43126431D80D}.Release|iPhoneSimulator.Build.0 = Release|Any CPU
		{E9E31D50-2C1F-45E7-8F2B-43126431D80D}.Debug|iPhone.ActiveCfg = Debug|Any CPU
		{E9E31D50-2C1F-45E7-8F2B-43126431D80D}.Debug|iPhone.Build.0 = Debug|Any CPU
		{E9E31D50-2C1F-45E7-8F2B-43126431D80D}.Release|iPhone.ActiveCfg = Release|Any CPU
		{E9E31D50-2C1F-45E7-8F2B-43126431D80D}.Release|iPhone.Build.0 = Release|Any CPU
	EndGlobalSection
EndGlobal
